// !$*UTF8*$!
{
	archiveVersion = 1;
	classes = {
	};
	objectVersion = 50;
	objects = {

/* Begin PBXBuildFile section */
		D7C3EF0B26EB705A008C794C /* AppDelegate.swift in Sources */ = {isa = PBXBuildFile; fileRef = D7C3EF0A26EB705A008C794C /* AppDelegate.swift */; };
		D7C3EF0D26EB705A008C794C /* SceneDelegate.swift in Sources */ = {isa = PBXBuildFile; fileRef = D7C3EF0C26EB705A008C794C /* SceneDelegate.swift */; };
		D7C3EF0F26EB705A008C794C /* ViewController.swift in Sources */ = {isa = PBXBuildFile; fileRef = D7C3EF0E26EB705A008C794C /* ViewController.swift */; };
		D7C3EF1226EB705A008C794C /* Main.storyboard in Resources */ = {isa = PBXBuildFile; fileRef = D7C3EF1026EB705A008C794C /* Main.storyboard */; };
		D7C3EF1426EB705B008C794C /* Assets.xcassets in Resources */ = {isa = PBXBuildFile; fileRef = D7C3EF1326EB705B008C794C /* Assets.xcassets */; };
		D7C3EF1726EB705B008C794C /* LaunchScreen.storyboard in Resources */ = {isa = PBXBuildFile; fileRef = D7C3EF1526EB705B008C794C /* LaunchScreen.storyboard */; };
		D7C3EF2226EB705B008C794C /* FlixsterTests.swift in Sources */ = {isa = PBXBuildFile; fileRef = D7C3EF2126EB705B008C794C /* FlixsterTests.swift */; };
		D7C3EF2D26EB705B008C794C /* FlixsterUITests.swift in Sources */ = {isa = PBXBuildFile; fileRef = D7C3EF2C26EB705B008C794C /* FlixsterUITests.swift */; };
/* End PBXBuildFile section */

/* Begin PBXContainerItemProxy section */
		D7C3EF1E26EB705B008C794C /* PBXContainerItemProxy */ = {
			isa = PBXContainerItemProxy;
			containerPortal = D7C3EEFF26EB705A008C794C /* Project object */;
			proxyType = 1;
			remoteGlobalIDString = D7C3EF0626EB705A008C794C;
			remoteInfo = Flixster;
		};
		D7C3EF2926EB705B008C794C /* PBXContainerItemProxy */ = {
			isa = PBXContainerItemProxy;
			containerPortal = D7C3EEFF26EB705A008C794C /* Project object */;
			proxyType = 1;
			remoteGlobalIDString = D7C3EF0626EB705A008C794C;
			remoteInfo = Flixster;
		};
/* End PBXContainerItemProxy section */

/* Begin PBXFileReference section */
		D7C3EF0726EB705A008C794C /* Flixster.app */ = {isa = PBXFileReference; explicitFileType = wrapper.application; includeInIndex = 0; path = Flixster.app; sourceTree = BUILT_PRODUCTS_DIR; };
		D7C3EF0A26EB705A008C794C /* AppDelegate.swift */ = {isa = PBXFileReference; lastKnownFileType = sourcecode.swift; path = AppDelegate.swift; sourceTree = "<group>"; };
		D7C3EF0C26EB705A008C794C /* SceneDelegate.swift */ = {isa = PBXFileReference; lastKnownFileType = sourcecode.swift; path = SceneDelegate.swift; sourceTree = "<group>"; };
		D7C3EF0E26EB705A008C794C /* ViewController.swift */ = {isa = PBXFileReference; lastKnownFileType = sourcecode.swift; path = ViewController.swift; sourceTree = "<group>"; };
		D7C3EF1126EB705A008C794C /* Base */ = {isa = PBXFileReference; lastKnownFileType = file.storyboard; name = Base; path = Base.lproj/Main.storyboard; sourceTree = "<group>"; };
		D7C3EF1326EB705B008C794C /* Assets.xcassets */ = {isa = PBXFileReference; lastKnownFileType = folder.assetcatalog; path = Assets.xcassets; sourceTree = "<group>"; };
		D7C3EF1626EB705B008C794C /* Base */ = {isa = PBXFileReference; lastKnownFileType = file.storyboard; name = Base; path = Base.lproj/LaunchScreen.storyboard; sourceTree = "<group>"; };
		D7C3EF1826EB705B008C794C /* Info.plist */ = {isa = PBXFileReference; lastKnownFileType = text.plist.xml; path = Info.plist; sourceTree = "<group>"; };
		D7C3EF1D26EB705B008C794C /* FlixsterTests.xctest */ = {isa = PBXFileReference; explicitFileType = wrapper.cfbundle; includeInIndex = 0; path = FlixsterTests.xctest; sourceTree = BUILT_PRODUCTS_DIR; };
		D7C3EF2126EB705B008C794C /* FlixsterTests.swift */ = {isa = PBXFileReference; lastKnownFileType = sourcecode.swift; path = FlixsterTests.swift; sourceTree = "<group>"; };
		D7C3EF2326EB705B008C794C /* Info.plist */ = {isa = PBXFileReference; lastKnownFileType = text.plist.xml; path = Info.plist; sourceTree = "<group>"; };
		D7C3EF2826EB705B008C794C /* FlixsterUITests.xctest */ = {isa = PBXFileReference; explicitFileType = wrapper.cfbundle; includeInIndex = 0; path = FlixsterUITests.xctest; sourceTree = BUILT_PRODUCTS_DIR; };
		D7C3EF2C26EB705B008C794C /* FlixsterUITests.swift */ = {isa = PBXFileReference; lastKnownFileType = sourcecode.swift; path = FlixsterUITests.swift; sourceTree = "<group>"; };
		D7C3EF2E26EB705B008C794C /* Info.plist */ = {isa = PBXFileReference; lastKnownFileType = text.plist.xml; path = Info.plist; sourceTree = "<group>"; };
/* End PBXFileReference section */

/* Begin PBXFrameworksBuildPhase section */
		D7C3EF0426EB705A008C794C /* Frameworks */ = {
			isa = PBXFrameworksBuildPhase;
			buildActionMask = 2147483647;
			files = (
			);
			runOnlyForDeploymentPostprocessing = 0;
		};
		D7C3EF1A26EB705B008C794C /* Frameworks */ = {
			isa = PBXFrameworksBuildPhase;
			buildActionMask = 2147483647;
			files = (
			);
			runOnlyForDeploymentPostprocessing = 0;
		};
		D7C3EF2526EB705B008C794C /* Frameworks */ = {
			isa = PBXFrameworksBuildPhase;
			buildActionMask = 2147483647;
			files = (
			);
			runOnlyForDeploymentPostprocessing = 0;
		};
/* End PBXFrameworksBuildPhase section */

/* Begin PBXGroup section */
		D7C3EEFE26EB705A008C794C = {
			isa = PBXGroup;
			children = (
				D7C3EF0926EB705A008C794C /* Flixster */,
				D7C3EF2026EB705B008C794C /* FlixsterTests */,
				D7C3EF2B26EB705B008C794C /* FlixsterUITests */,
				D7C3EF0826EB705A008C794C /* Products */,
			);
			sourceTree = "<group>";
		};
		D7C3EF0826EB705A008C794C /* Products */ = {
			isa = PBXGroup;
			children = (
				D7C3EF0726EB705A008C794C /* Flixster.app */,
				D7C3EF1D26EB705B008C794C /* FlixsterTests.xctest */,
				D7C3EF2826EB705B008C794C /* FlixsterUITests.xctest */,
			);
			name = Products;
			sourceTree = "<group>";
		};
		D7C3EF0926EB705A008C794C /* Flixster */ = {
			isa = PBXGroup;
			children = (
				D7C3EF0A26EB705A008C794C /* AppDelegate.swift */,
				D7C3EF0C26EB705A008C794C /* SceneDelegate.swift */,
				D7C3EF0E26EB705A008C794C /* ViewController.swift */,
				D7C3EF1026EB705A008C794C /* Main.storyboard */,
				D7C3EF1326EB705B008C794C /* Assets.xcassets */,
				D7C3EF1526EB705B008C794C /* LaunchScreen.storyboard */,
				D7C3EF1826EB705B008C794C /* Info.plist */,
			);
			path = Flixster;
			sourceTree = "<group>";
		};
		D7C3EF2026EB705B008C794C /* FlixsterTests */ = {
			isa = PBXGroup;
			children = (
				D7C3EF2126EB705B008C794C /* FlixsterTests.swift */,
				D7C3EF2326EB705B008C794C /* Info.plist */,
			);
			path = FlixsterTests;
			sourceTree = "<group>";
		};
		D7C3EF2B26EB705B008C794C /* FlixsterUITests */ = {
			isa = PBXGroup;
			children = (
				D7C3EF2C26EB705B008C794C /* FlixsterUITests.swift */,
				D7C3EF2E26EB705B008C794C /* Info.plist */,
			);
			path = FlixsterUITests;
			sourceTree = "<group>";
		};
/* End PBXGroup section */

/* Begin PBXNativeTarget section */
		D7C3EF0626EB705A008C794C /* Flixster */ = {
			isa = PBXNativeTarget;
			buildConfigurationList = D7C3EF3126EB705B008C794C /* Build configuration list for PBXNativeTarget "Flixster" */;
			buildPhases = (
				D7C3EF0326EB705A008C794C /* Sources */,
				D7C3EF0426EB705A008C794C /* Frameworks */,
				D7C3EF0526EB705A008C794C /* Resources */,
			);
			buildRules = (
			);
			dependencies = (
			);
			name = Flixster;
			productName = Flixster;
			productReference = D7C3EF0726EB705A008C794C /* Flixster.app */;
			productType = "com.apple.product-type.application";
		};
		D7C3EF1C26EB705B008C794C /* FlixsterTests */ = {
			isa = PBXNativeTarget;
			buildConfigurationList = D7C3EF3426EB705B008C794C /* Build configuration list for PBXNativeTarget "FlixsterTests" */;
			buildPhases = (
				D7C3EF1926EB705B008C794C /* Sources */,
				D7C3EF1A26EB705B008C794C /* Frameworks */,
				D7C3EF1B26EB705B008C794C /* Resources */,
			);
			buildRules = (
			);
			dependencies = (
				D7C3EF1F26EB705B008C794C /* PBXTargetDependency */,
			);
			name = FlixsterTests;
			productName = FlixsterTests;
			productReference = D7C3EF1D26EB705B008C794C /* FlixsterTests.xctest */;
			productType = "com.apple.product-type.bundle.unit-test";
		};
		D7C3EF2726EB705B008C794C /* FlixsterUITests */ = {
			isa = PBXNativeTarget;
			buildConfigurationList = D7C3EF3726EB705B008C794C /* Build configuration list for PBXNativeTarget "FlixsterUITests" */;
			buildPhases = (
				D7C3EF2426EB705B008C794C /* Sources */,
				D7C3EF2526EB705B008C794C /* Frameworks */,
				D7C3EF2626EB705B008C794C /* Resources */,
			);
			buildRules = (
			);
			dependencies = (
				D7C3EF2A26EB705B008C794C /* PBXTargetDependency */,
			);
			name = FlixsterUITests;
			productName = FlixsterUITests;
			productReference = D7C3EF2826EB705B008C794C /* FlixsterUITests.xctest */;
			productType = "com.apple.product-type.bundle.ui-testing";
		};
/* End PBXNativeTarget section */

/* Begin PBXProject section */
		D7C3EEFF26EB705A008C794C /* Project object */ = {
			isa = PBXProject;
			attributes = {
				LastSwiftUpdateCheck = 1250;
				LastUpgradeCheck = 1250;
				TargetAttributes = {
					D7C3EF0626EB705A008C794C = {
						CreatedOnToolsVersion = 12.5.1;
					};
					D7C3EF1C26EB705B008C794C = {
						CreatedOnToolsVersion = 12.5.1;
						TestTargetID = D7C3EF0626EB705A008C794C;
					};
					D7C3EF2726EB705B008C794C = {
						CreatedOnToolsVersion = 12.5.1;
						TestTargetID = D7C3EF0626EB705A008C794C;
					};
				};
			};
			buildConfigurationList = D7C3EF0226EB705A008C794C /* Build configuration list for PBXProject "Flixster" */;
			compatibilityVersion = "Xcode 9.3";
			developmentRegion = en;
			hasScannedForEncodings = 0;
			knownRegions = (
				en,
				Base,
			);
			mainGroup = D7C3EEFE26EB705A008C794C;
			productRefGroup = D7C3EF0826EB705A008C794C /* Products */;
			projectDirPath = "";
			projectRoot = "";
			targets = (
				D7C3EF0626EB705A008C794C /* Flixster */,
				D7C3EF1C26EB705B008C794C /* FlixsterTests */,
				D7C3EF2726EB705B008C794C /* FlixsterUITests */,
			);
		};
/* End PBXProject section */

/* Begin PBXResourcesBuildPhase section */
		D7C3EF0526EB705A008C794C /* Resources */ = {
			isa = PBXResourcesBuildPhase;
			buildActionMask = 2147483647;
			files = (
				D7C3EF1726EB705B008C794C /* LaunchScreen.storyboard in Resources */,
				D7C3EF1426EB705B008C794C /* Assets.xcassets in Resources */,
				D7C3EF1226EB705A008C794C /* Main.storyboard in Resources */,
			);
			runOnlyForDeploymentPostprocessing = 0;
		};
		D7C3EF1B26EB705B008C794C /* Resources */ = {
			isa = PBXResourcesBuildPhase;
			buildActionMask = 2147483647;
			files = (
			);
			runOnlyForDeploymentPostprocessing = 0;
		};
		D7C3EF2626EB705B008C794C /* Resources */ = {
			isa = PBXResourcesBuildPhase;
			buildActionMask = 2147483647;
			files = (
			);
			runOnlyForDeploymentPostprocessing = 0;
		};
/* End PBXResourcesBuildPhase section */

/* Begin PBXSourcesBuildPhase section */
		D7C3EF0326EB705A008C794C /* Sources */ = {
			isa = PBXSourcesBuildPhase;
			buildActionMask = 2147483647;
			files = (
				D7C3EF0F26EB705A008C794C /* ViewController.swift in Sources */,
				D7C3EF0B26EB705A008C794C /* AppDelegate.swift in Sources */,
				D7C3EF0D26EB705A008C794C /* SceneDelegate.swift in Sources */,
			);
			runOnlyForDeploymentPostprocessing = 0;
		};
		D7C3EF1926EB705B008C794C /* Sources */ = {
			isa = PBXSourcesBuildPhase;
			buildActionMask = 2147483647;
			files = (
				D7C3EF2226EB705B008C794C /* FlixsterTests.swift in Sources */,
			);
			runOnlyForDeploymentPostprocessing = 0;
		};
		D7C3EF2426EB705B008C794C /* Sources */ = {
			isa = PBXSourcesBuildPhase;
			buildActionMask = 2147483647;
			files = (
				D7C3EF2D26EB705B008C794C /* FlixsterUITests.swift in Sources */,
			);
			runOnlyForDeploymentPostprocessing = 0;
		};
/* End PBXSourcesBuildPhase section */

/* Begin PBXTargetDependency section */
		D7C3EF1F26EB705B008C794C /* PBXTargetDependency */ = {
			isa = PBXTargetDependency;
			target = D7C3EF0626EB705A008C794C /* Flixster */;
			targetProxy = D7C3EF1E26EB705B008C794C /* PBXContainerItemProxy */;
		};
		D7C3EF2A26EB705B008C794C /* PBXTargetDependency */ = {
			isa = PBXTargetDependency;
			target = D7C3EF0626EB705A008C794C /* Flixster */;
			targetProxy = D7C3EF2926EB705B008C794C /* PBXContainerItemProxy */;
		};
/* End PBXTargetDependency section */

/* Begin PBXVariantGroup section */
		D7C3EF1026EB705A008C794C /* Main.storyboard */ = {
			isa = PBXVariantGroup;
			children = (
				D7C3EF1126EB705A008C794C /* Base */,
			);
			name = Main.storyboard;
			sourceTree = "<group>";
		};
		D7C3EF1526EB705B008C794C /* LaunchScreen.storyboard */ = {
			isa = PBXVariantGroup;
			children = (
				D7C3EF1626EB705B008C794C /* Base */,
			);
			name = LaunchScreen.storyboard;
			sourceTree = "<group>";
		};
/* End PBXVariantGroup section */

/* Begin XCBuildConfiguration section */
		D7C3EF2F26EB705B008C794C /* Debug */ = {
			isa = XCBuildConfiguration;
			buildSettings = {
				ALWAYS_SEARCH_USER_PATHS = NO;
				CLANG_ANALYZER_NONNULL = YES;
				CLANG_ANALYZER_NUMBER_OBJECT_CONVERSION = YES_AGGRESSIVE;
				CLANG_CXX_LANGUAGE_STANDARD = "gnu++14";
				CLANG_CXX_LIBRARY = "libc++";
				CLANG_ENABLE_MODULES = YES;
				CLANG_ENABLE_OBJC_ARC = YES;
				CLANG_ENABLE_OBJC_WEAK = YES;
				CLANG_WARN_BLOCK_CAPTURE_AUTORELEASING = YES;
				CLANG_WARN_BOOL_CONVERSION = YES;
				CLANG_WARN_COMMA = YES;
				CLANG_WARN_CONSTANT_CONVERSION = YES;
				CLANG_WARN_DEPRECATED_OBJC_IMPLEMENTATIONS = YES;
				CLANG_WARN_DIRECT_OBJC_ISA_USAGE = YES_ERROR;
				CLANG_WARN_DOCUMENTATION_COMMENTS = YES;
				CLANG_WARN_EMPTY_BODY = YES;
				CLANG_WARN_ENUM_CONVERSION = YES;
				CLANG_WARN_INFINITE_RECURSION = YES;
				CLANG_WARN_INT_CONVERSION = YES;
				CLANG_WARN_NON_LITERAL_NULL_CONVERSION = YES;
				CLANG_WARN_OBJC_IMPLICIT_RETAIN_SELF = YES;
				CLANG_WARN_OBJC_LITERAL_CONVERSION = YES;
				CLANG_WARN_OBJC_ROOT_CLASS = YES_ERROR;
				CLANG_WARN_QUOTED_INCLUDE_IN_FRAMEWORK_HEADER = YES;
				CLANG_WARN_RANGE_LOOP_ANALYSIS = YES;
				CLANG_WARN_STRICT_PROTOTYPES = YES;
				CLANG_WARN_SUSPICIOUS_MOVE = YES;
				CLANG_WARN_UNGUARDED_AVAILABILITY = YES_AGGRESSIVE;
				CLANG_WARN_UNREACHABLE_CODE = YES;
				CLANG_WARN__DUPLICATE_METHOD_MATCH = YES;
				COPY_PHASE_STRIP = NO;
				DEBUG_INFORMATION_FORMAT = dwarf;
				ENABLE_STRICT_OBJC_MSGSEND = YES;
				ENABLE_TESTABILITY = YES;
				GCC_C_LANGUAGE_STANDARD = gnu11;
				GCC_DYNAMIC_NO_PIC = NO;
				GCC_NO_COMMON_BLOCKS = YES;
				GCC_OPTIMIZATION_LEVEL = 0;
				GCC_PREPROCESSOR_DEFINITIONS = (
					"DEBUG=1",
					"$(inherited)",
				);
				GCC_WARN_64_TO_32_BIT_CONVERSION = YES;
				GCC_WARN_ABOUT_RETURN_TYPE = YES_ERROR;
				GCC_WARN_UNDECLARED_SELECTOR = YES;
				GCC_WARN_UNINITIALIZED_AUTOS = YES_AGGRESSIVE;
				GCC_WARN_UNUSED_FUNCTION = YES;
				GCC_WARN_UNUSED_VARIABLE = YES;
				IPHONEOS_DEPLOYMENT_TARGET = 14.5;
				MTL_ENABLE_DEBUG_INFO = INCLUDE_SOURCE;
				MTL_FAST_MATH = YES;
				ONLY_ACTIVE_ARCH = YES;
				SDKROOT = iphoneos;
				SWIFT_ACTIVE_COMPILATION_CONDITIONS = DEBUG;
				SWIFT_OPTIMIZATION_LEVEL = "-Onone";
			};
			name = Debug;
		};
		D7C3EF3026EB705B008C794C /* Release */ = {
			isa = XCBuildConfiguration;
			buildSettings = {
				ALWAYS_SEARCH_USER_PATHS = NO;
				CLANG_ANALYZER_NONNULL = YES;
				CLANG_ANALYZER_NUMBER_OBJECT_CONVERSION = YES_AGGRESSIVE;
				CLANG_CXX_LANGUAGE_STANDARD = "gnu++14";
				CLANG_CXX_LIBRARY = "libc++";
				CLANG_ENABLE_MODULES = YES;
				CLANG_ENABLE_OBJC_ARC = YES;
				CLANG_ENABLE_OBJC_WEAK = YES;
				CLANG_WARN_BLOCK_CAPTURE_AUTORELEASING = YES;
				CLANG_WARN_BOOL_CONVERSION = YES;
				CLANG_WARN_COMMA = YES;
				CLANG_WARN_CONSTANT_CONVERSION = YES;
				CLANG_WARN_DEPRECATED_OBJC_IMPLEMENTATIONS = YES;
				CLANG_WARN_DIRECT_OBJC_ISA_USAGE = YES_ERROR;
				CLANG_WARN_DOCUMENTATION_COMMENTS = YES;
				CLANG_WARN_EMPTY_BODY = YES;
				CLANG_WARN_ENUM_CONVERSION = YES;
				CLANG_WARN_INFINITE_RECURSION = YES;
				CLANG_WARN_INT_CONVERSION = YES;
				CLANG_WARN_NON_LITERAL_NULL_CONVERSION = YES;
				CLANG_WARN_OBJC_IMPLICIT_RETAIN_SELF = YES;
				CLANG_WARN_OBJC_LITERAL_CONVERSION = YES;
				CLANG_WARN_OBJC_ROOT_CLASS = YES_ERROR;
				CLANG_WARN_QUOTED_INCLUDE_IN_FRAMEWORK_HEADER = YES;
				CLANG_WARN_RANGE_LOOP_ANALYSIS = YES;
				CLANG_WARN_STRICT_PROTOTYPES = YES;
				CLANG_WARN_SUSPICIOUS_MOVE = YES;
				CLANG_WARN_UNGUARDED_AVAILABILITY = YES_AGGRESSIVE;
				CLANG_WARN_UNREACHABLE_CODE = YES;
				CLANG_WARN__DUPLICATE_METHOD_MATCH = YES;
				COPY_PHASE_STRIP = NO;
				DEBUG_INFORMATION_FORMAT = "dwarf-with-dsym";
				ENABLE_NS_ASSERTIONS = NO;
				ENABLE_STRICT_OBJC_MSGSEND = YES;
				GCC_C_LANGUAGE_STANDARD = gnu11;
				GCC_NO_COMMON_BLOCKS = YES;
				GCC_WARN_64_TO_32_BIT_CONVERSION = YES;
				GCC_WARN_ABOUT_RETURN_TYPE = YES_ERROR;
				GCC_WARN_UNDECLARED_SELECTOR = YES;
				GCC_WARN_UNINITIALIZED_AUTOS = YES_AGGRESSIVE;
				GCC_WARN_UNUSED_FUNCTION = YES;
				GCC_WARN_UNUSED_VARIABLE = YES;
				IPHONEOS_DEPLOYMENT_TARGET = 14.5;
				MTL_ENABLE_DEBUG_INFO = NO;
				MTL_FAST_MATH = YES;
				SDKROOT = iphoneos;
				SWIFT_COMPILATION_MODE = wholemodule;
				SWIFT_OPTIMIZATION_LEVEL = "-O";
				VALIDATE_PRODUCT = YES;
			};
			name = Release;
		};
		D7C3EF3226EB705B008C794C /* Debug */ = {
			isa = XCBuildConfiguration;
			buildSettings = {
				ASSETCATALOG_COMPILER_APPICON_NAME = AppIcon;
				ASSETCATALOG_COMPILER_GLOBAL_ACCENT_COLOR_NAME = AccentColor;
				CODE_SIGN_STYLE = Automatic;
				INFOPLIST_FILE = Flixster/Info.plist;
				LD_RUNPATH_SEARCH_PATHS = (
					"$(inherited)",
					"@executable_path/Frameworks",
				);
				PRODUCT_BUNDLE_IDENTIFIER = CodePath.Flixster;
				PRODUCT_NAME = "$(TARGET_NAME)";
				SWIFT_VERSION = 5.0;
				TARGETED_DEVICE_FAMILY = "1,2";
			};
			name = Debug;
		};
		D7C3EF3326EB705B008C794C /* Release */ = {
			isa = XCBuildConfiguration;
			buildSettings = {
				ASSETCATALOG_COMPILER_APPICON_NAME = AppIcon;
				ASSETCATALOG_COMPILER_GLOBAL_ACCENT_COLOR_NAME = AccentColor;
				CODE_SIGN_STYLE = Automatic;
				INFOPLIST_FILE = Flixster/Info.plist;
				LD_RUNPATH_SEARCH_PATHS = (
					"$(inherited)",
					"@executable_path/Frameworks",
				);
				PRODUCT_BUNDLE_IDENTIFIER = CodePath.Flixster;
				PRODUCT_NAME = "$(TARGET_NAME)";
				SWIFT_VERSION = 5.0;
				TARGETED_DEVICE_FAMILY = "1,2";
			};
			name = Release;
		};
		D7C3EF3526EB705B008C794C /* Debug */ = {
			isa = XCBuildConfiguration;
			buildSettings = {
				ALWAYS_EMBED_SWIFT_STANDARD_LIBRARIES = YES;
				BUNDLE_LOADER = "$(TEST_HOST)";
				CODE_SIGN_STYLE = Automatic;
				INFOPLIST_FILE = FlixsterTests/Info.plist;
				IPHONEOS_DEPLOYMENT_TARGET = 14.5;
				LD_RUNPATH_SEARCH_PATHS = (
					"$(inherited)",
					"@executable_path/Frameworks",
					"@loader_path/Frameworks",
				);
				PRODUCT_BUNDLE_IDENTIFIER = CodePath.FlixsterTests;
				PRODUCT_NAME = "$(TARGET_NAME)";
				SWIFT_VERSION = 5.0;
				TARGETED_DEVICE_FAMILY = "1,2";
				TEST_HOST = "$(BUILT_PRODUCTS_DIR)/Flixster.app/Flixster";
			};
			name = Debug;
		};
		D7C3EF3626EB705B008C794C /* Release */ = {
			isa = XCBuildConfiguration;
			buildSettings = {
				ALWAYS_EMBED_SWIFT_STANDARD_LIBRARIES = YES;
				BUNDLE_LOADER = "$(TEST_HOST)";
				CODE_SIGN_STYLE = Automatic;
				INFOPLIST_FILE = FlixsterTests/Info.plist;
				IPHONEOS_DEPLOYMENT_TARGET = 14.5;
				LD_RUNPATH_SEARCH_PATHS = (
					"$(inherited)",
					"@executable_path/Frameworks",
					"@loader_path/Frameworks",
				);
				PRODUCT_BUNDLE_IDENTIFIER = CodePath.FlixsterTests;
				PRODUCT_NAME = "$(TARGET_NAME)";
				SWIFT_VERSION = 5.0;
				TARGETED_DEVICE_FAMILY = "1,2";
				TEST_HOST = "$(BUILT_PRODUCTS_DIR)/Flixster.app/Flixster";
			};
			name = Release;
		};
		D7C3EF3826EB705B008C794C /* Debug */ = {
			isa = XCBuildConfiguration;
			buildSettings = {
				ALWAYS_EMBED_SWIFT_STANDARD_LIBRARIES = YES;
				CODE_SIGN_STYLE = Automatic;
				INFOPLIST_FILE = FlixsterUITests/Info.plist;
				LD_RUNPATH_SEARCH_PATHS = (
					"$(inherited)",
					"@executable_path/Frameworks",
					"@loader_path/Frameworks",
				);
				PRODUCT_BUNDLE_IDENTIFIER = CodePath.FlixsterUITests;
				PRODUCT_NAME = "$(TARGET_NAME)";
				SWIFT_VERSION = 5.0;
				TARGETED_DEVICE_FAMILY = "1,2";
				TEST_TARGET_NAME = Flixster;
			};
			name = Debug;
		};
		D7C3EF3926EB705B008C794C /* Release */ = {
			isa = XCBuildConfiguration;
			buildSettings = {
				ALWAYS_EMBED_SWIFT_STANDARD_LIBRARIES = YES;
				CODE_SIGN_STYLE = Automatic;
				INFOPLIST_FILE = FlixsterUITests/Info.plist;
				LD_RUNPATH_SEARCH_PATHS = (
					"$(inherited)",
					"@executable_path/Frameworks",
					"@loader_path/Frameworks",
				);
				PRODUCT_BUNDLE_IDENTIFIER = CodePath.FlixsterUITests;
				PRODUCT_NAME = "$(TARGET_NAME)";
				SWIFT_VERSION = 5.0;
				TARGETED_DEVICE_FAMILY = "1,2";
				TEST_TARGET_NAME = Flixster;
			};
			name = Release;
		};
/* End XCBuildConfiguration section */

/* Begin XCConfigurationList section */
		D7C3EF0226EB705A008C794C /* Build configuration list for PBXProject "Flixster" */ = {
			isa = XCConfigurationList;
			buildConfigurations = (
				D7C3EF2F26EB705B008C794C /* Debug */,
				D7C3EF3026EB705B008C794C /* Release */,
			);
			defaultConfigurationIsVisible = 0;
			defaultConfigurationName = Release;
		};
		D7C3EF3126EB705B008C794C /* Build configuration list for PBXNativeTarget "Flixster" */ = {
			isa = XCConfigurationList;
			buildConfigurations = (
				D7C3EF3226EB705B008C794C /* Debug */,
				D7C3EF3326EB705B008C794C /* Release */,
			);
			defaultConfigurationIsVisible = 0;
			defaultConfigurationName = Release;
		};
		D7C3EF3426EB705B008C794C /* Build configuration list for PBXNativeTarget "FlixsterTests" */ = {
			isa = XCConfigurationList;
			buildConfigurations = (
				D7C3EF3526EB705B008C794C /* Debug */,
				D7C3EF3626EB705B008C794C /* Release */,
			);
			defaultConfigurationIsVisible = 0;
			defaultConfigurationName = Release;
		};
		D7C3EF3726EB705B008C794C /* Build configuration list for PBXNativeTarget "FlixsterUITests" */ = {
			isa = XCConfigurationList;
			buildConfigurations = (
				D7C3EF3826EB705B008C794C /* Debug */,
				D7C3EF3926EB705B008C794C /* Release */,
			);
			defaultConfigurationIsVisible = 0;
			defaultConfigurationName = Release;
		};
/* End XCConfigurationList section */
	};
	rootObject = D7C3EEFF26EB705A008C794C /* Project object */;
}
